{
  "requires": true,
  "lockfileVersion": 1,
  "dependencies": {
    "vue-cookies": {
      "version": "1.7.4",
      "resolved": "https://registry.npmjs.org/vue-cookies/-/vue-cookies-1.7.4.tgz",
      "integrity": "sha512-mOS5Btr8V9zvAtkmQ7/TfqJIropOx7etDAgBywPCmHjvfJl2gFbH2XgoMghleLoyyMTi5eaJss0mPN7arMoslA=="
    },
    "vuetify": {
      "version": "2.5.10",
      "resolved": "https://registry.npmjs.org/vuetify/-/vuetify-2.5.10.tgz",
      "integrity": "sha512-UODZQrib36l7i1WGg0MUvurczLspYTe0nKAmfbwyMs6dC2lG1Q1VV9caqPbCAB9zgG6QIJaOmRQKSKduw9eZTw=="
    }
  }
}
